
Microsoft Visual Studio Solution File, Format Version 12.00
# Visual Studio 2013
VisualStudioVersion = 12.0.31101.0
MinimumVisualStudioVersion = 10.0.40219.1
Project("{FAE04EC0-301F-11D3-BF4B-00C04F79EFBC}") = "Leanwork.ValidCredCard", "Leanwork.ValidCredCard\Leanwork.ValidCredCard.csproj", "{0F5BD1B0-C94C-466B-8EC8-D0B92AA2EA0D}"
EndProject
Project("{FAE04EC0-301F-11D3-BF4B-00C04F79EFBC}") = "Lean.ValidCredCard.UTests", "Lean.ValidCredCard.UTests\Lean.ValidCredCard.UTests.csproj", "{08975840-6A26-4F9A-9D78-FB09AD4B67BE}"
EndProject
Global
	GlobalSection(SolutionConfigurationPlatforms) = preSolution
		Debug|Any CPU = Debug|Any CPU
		Release|Any CPU = Release|Any CPU
	EndGlobalSection
	GlobalSection(ProjectConfigurationPlatforms) = postSolution
		{0F5BD1B0-C94C-466B-8EC8-D0B92AA2EA0D}.Debug|Any CPU.ActiveCfg = Debug|Any CPU
		{0F5BD1B0-C94C-466B-8EC8-D0B92AA2EA0D}.Debug|Any CPU.Build.0 = Debug|Any CPU
		{0F5BD1B0-C94C-466B-8EC8-D0B92AA2EA0D}.Release|Any CPU.ActiveCfg = Release|Any CPU
		{0F5BD1B0-C94C-466B-8EC8-D0B92AA2EA0D}.Release|Any CPU.Build.0 = Release|Any CPU
		{08975840-6A26-4F9A-9D78-FB09AD4B67BE}.Debug|Any CPU.ActiveCfg = Debug|Any CPU
		{08975840-6A26-4F9A-9D78-FB09AD4B67BE}.Debug|Any CPU.Build.0 = Debug|Any CPU
		{08975840-6A26-4F9A-9D78-FB09AD4B67BE}.Release|Any CPU.ActiveCfg = Release|Any CPU
		{08975840-6A26-4F9A-9D78-FB09AD4B67BE}.Release|Any CPU.Build.0 = Release|Any CPU
	EndGlobalSection
	GlobalSection(SolutionProperties) = preSolution
		HideSolutionNode = FALSE
	EndGlobalSection
EndGlobal
